
Microsoft Visual Studio Solution File, Format Version 12.00
# Visual Studio 15
VisualStudioVersion = 15.0.27130.2026
MinimumVisualStudioVersion = 10.0.40219.1
Project("{FAE04EC0-301F-11D3-BF4B-00C04F79EFBC}") = "OneSignal.Template", "OneSignal.Template\OneSignal.Template.csproj", "{077FB11D-1E4D-46D7-A54F-1E960C9A7DC7}"
EndProject
Global
	GlobalSection(SolutionConfigurationPlatforms) = preSolution
		Debug|Any CPU = Debug|Any CPU
		Release|Any CPU = Release|Any CPU
	EndGlobalSection
	GlobalSection(ProjectConfigurationPlatforms) = postSolution
		{077FB11D-1E4D-46D7-A54F-1E960C9A7DC7}.Debug|Any CPU.ActiveCfg = Debug|Any CPU
		{077FB11D-1E4D-46D7-A54F-1E960C9A7DC7}.Debug|Any CPU.Build.0 = Debug|Any CPU
		{077FB11D-1E4D-46D7-A54F-1E960C9A7DC7}.Release|Any CPU.ActiveCfg = Release|Any CPU
		{077FB11D-1E4D-46D7-A54F-1E960C9A7DC7}.Release|Any CPU.Build.0 = Release|Any CPU
	EndGlobalSection
	GlobalSection(SolutionProperties) = preSolution
		HideSolutionNode = FALSE
	EndGlobalSection
	GlobalSection(ExtensibilityGlobals) = postSolution
		SolutionGuid = {6F96781F-92AF-4ED8-9E04-141C5D3FC23C}
	EndGlobalSection
EndGlobal
